// !$*UTF8*$!
{
	archiveVersion = 1;
	classes = {
	};
	objectVersion = 46;
	objects = {

/* Begin PBXBuildFile section */
		20179BCDD45FAD287101096B /* libPods-TescoNetworkLibraryTests.a in Frameworks */ = {isa = PBXBuildFile; fileRef = 38471F1CBEAB4841BA866A39 /* libPods-TescoNetworkLibraryTests.a */; };
		86D40B688158BB926336662F /* libPods-TescoNetworkLibrary.a in Frameworks */ = {isa = PBXBuildFile; fileRef = B23A50B1CB196A0E5983F92B /* libPods-TescoNetworkLibrary.a */; };
		D4A3C5C75480CE098E2A9C80 /* libPods-TescoNetworkLibraryUITests.a in Frameworks */ = {isa = PBXBuildFile; fileRef = 8720F778D78155B1373347E8 /* libPods-TescoNetworkLibraryUITests.a */; };
		F5C5155A1D7C11BC00BD50FE /* main.m in Sources */ = {isa = PBXBuildFile; fileRef = F5C515591D7C11BC00BD50FE /* main.m */; };
		F5C5155D1D7C11BC00BD50FE /* AppDelegate.m in Sources */ = {isa = PBXBuildFile; fileRef = F5C5155C1D7C11BC00BD50FE /* AppDelegate.m */; };
		F5C515601D7C11BC00BD50FE /* ViewController.m in Sources */ = {isa = PBXBuildFile; fileRef = F5C5155F1D7C11BC00BD50FE /* ViewController.m */; };
		F5C515631D7C11BC00BD50FE /* Main.storyboard in Resources */ = {isa = PBXBuildFile; fileRef = F5C515611D7C11BC00BD50FE /* Main.storyboard */; };
		F5C515651D7C11BC00BD50FE /* Assets.xcassets in Resources */ = {isa = PBXBuildFile; fileRef = F5C515641D7C11BC00BD50FE /* Assets.xcassets */; };
		F5C515681D7C11BC00BD50FE /* LaunchScreen.storyboard in Resources */ = {isa = PBXBuildFile; fileRef = F5C515661D7C11BC00BD50FE /* LaunchScreen.storyboard */; };
		F5C515731D7C11BC00BD50FE /* TescoNetworkLibraryTests.m in Sources */ = {isa = PBXBuildFile; fileRef = F5C515721D7C11BC00BD50FE /* TescoNetworkLibraryTests.m */; };
		F5C5157E1D7C11BC00BD50FE /* TescoNetworkLibraryUITests.m in Sources */ = {isa = PBXBuildFile; fileRef = F5C5157D1D7C11BC00BD50FE /* TescoNetworkLibraryUITests.m */; };
		F5C5159A1D7C50DF00BD50FE /* TescoNetworkConfiguration.m in Sources */ = {isa = PBXBuildFile; fileRef = F5C515971D7C50DF00BD50FE /* TescoNetworkConfiguration.m */; };
		F5C5159B1D7C50DF00BD50FE /* TescoNetworkManager.m in Sources */ = {isa = PBXBuildFile; fileRef = F5C515991D7C50DF00BD50FE /* TescoNetworkManager.m */; };
		F5C5159C1D7C510B00BD50FE /* TescoNetworkConfiguration.m in Sources */ = {isa = PBXBuildFile; fileRef = F5C515971D7C50DF00BD50FE /* TescoNetworkConfiguration.m */; };
		F5C5159D1D7C510C00BD50FE /* TescoNetworkConfiguration.m in Sources */ = {isa = PBXBuildFile; fileRef = F5C515971D7C50DF00BD50FE /* TescoNetworkConfiguration.m */; };
		F5C5159E1D7C510E00BD50FE /* TescoNetworkManager.m in Sources */ = {isa = PBXBuildFile; fileRef = F5C515991D7C50DF00BD50FE /* TescoNetworkManager.m */; };
		F5C5159F1D7C510F00BD50FE /* TescoNetworkManager.m in Sources */ = {isa = PBXBuildFile; fileRef = F5C515991D7C50DF00BD50FE /* TescoNetworkManager.m */; };
/* End PBXBuildFile section */

/* Begin PBXContainerItemProxy section */
		F5C5156F1D7C11BC00BD50FE /* PBXContainerItemProxy */ = {
			isa = PBXContainerItemProxy;
			containerPortal = F5C5154D1D7C11BC00BD50FE /* Project object */;
			proxyType = 1;
			remoteGlobalIDString = F5C515541D7C11BC00BD50FE;
			remoteInfo = TescoNetworkLibrary;
		};
		F5C5157A1D7C11BC00BD50FE /* PBXContainerItemProxy */ = {
			isa = PBXContainerItemProxy;
			containerPortal = F5C5154D1D7C11BC00BD50FE /* Project object */;
			proxyType = 1;
			remoteGlobalIDString = F5C515541D7C11BC00BD50FE;
			remoteInfo = TescoNetworkLibrary;
		};
/* End PBXContainerItemProxy section */

/* Begin PBXFileReference section */
		38471F1CBEAB4841BA866A39 /* libPods-TescoNetworkLibraryTests.a */ = {isa = PBXFileReference; explicitFileType = archive.ar; includeInIndex = 0; path = "libPods-TescoNetworkLibraryTests.a"; sourceTree = BUILT_PRODUCTS_DIR; };
		71AF171BCEC7DA4972ECD56A /* Pods-TescoNetworkLibrary.debug.xcconfig */ = {isa = PBXFileReference; includeInIndex = 1; lastKnownFileType = text.xcconfig; name = "Pods-TescoNetworkLibrary.debug.xcconfig"; path = "Pods/Target Support Files/Pods-TescoNetworkLibrary/Pods-TescoNetworkLibrary.debug.xcconfig"; sourceTree = "<group>"; };
		836E00A53FC36DC42EAE8F90 /* Pods-TescoNetworkLibraryUITests.debug.xcconfig */ = {isa = PBXFileReference; includeInIndex = 1; lastKnownFileType = text.xcconfig; name = "Pods-TescoNetworkLibraryUITests.debug.xcconfig"; path = "Pods/Target Support Files/Pods-TescoNetworkLibraryUITests/Pods-TescoNetworkLibraryUITests.debug.xcconfig"; sourceTree = "<group>"; };
		8720F778D78155B1373347E8 /* libPods-TescoNetworkLibraryUITests.a */ = {isa = PBXFileReference; explicitFileType = archive.ar; includeInIndex = 0; path = "libPods-TescoNetworkLibraryUITests.a"; sourceTree = BUILT_PRODUCTS_DIR; };
		9284121F1FB8CF3FB2E8045C /* Pods-TescoNetworkLibraryUITests.release.xcconfig */ = {isa = PBXFileReference; includeInIndex = 1; lastKnownFileType = text.xcconfig; name = "Pods-TescoNetworkLibraryUITests.release.xcconfig"; path = "Pods/Target Support Files/Pods-TescoNetworkLibraryUITests/Pods-TescoNetworkLibraryUITests.release.xcconfig"; sourceTree = "<group>"; };
		A8BC399476590D488FED0424 /* Pods-TescoNetworkLibraryTests.debug.xcconfig */ = {isa = PBXFileReference; includeInIndex = 1; lastKnownFileType = text.xcconfig; name = "Pods-TescoNetworkLibraryTests.debug.xcconfig"; path = "Pods/Target Support Files/Pods-TescoNetworkLibraryTests/Pods-TescoNetworkLibraryTests.debug.xcconfig"; sourceTree = "<group>"; };
		AB24CBF86AB56B32A79968E2 /* Pods-TescoNetworkLibrary.release.xcconfig */ = {isa = PBXFileReference; includeInIndex = 1; lastKnownFileType = text.xcconfig; name = "Pods-TescoNetworkLibrary.release.xcconfig"; path = "Pods/Target Support Files/Pods-TescoNetworkLibrary/Pods-TescoNetworkLibrary.release.xcconfig"; sourceTree = "<group>"; };
		B23A50B1CB196A0E5983F92B /* libPods-TescoNetworkLibrary.a */ = {isa = PBXFileReference; explicitFileType = archive.ar; includeInIndex = 0; path = "libPods-TescoNetworkLibrary.a"; sourceTree = BUILT_PRODUCTS_DIR; };
		C080A4A6475B72F239EBBE13 /* Pods-TescoNetworkLibraryTests.release.xcconfig */ = {isa = PBXFileReference; includeInIndex = 1; lastKnownFileType = text.xcconfig; name = "Pods-TescoNetworkLibraryTests.release.xcconfig"; path = "Pods/Target Support Files/Pods-TescoNetworkLibraryTests/Pods-TescoNetworkLibraryTests.release.xcconfig"; sourceTree = "<group>"; };
		F5C515551D7C11BC00BD50FE /* TescoNetworkLibrary.app */ = {isa = PBXFileReference; explicitFileType = wrapper.application; includeInIndex = 0; path = TescoNetworkLibrary.app; sourceTree = BUILT_PRODUCTS_DIR; };
		F5C515591D7C11BC00BD50FE /* main.m */ = {isa = PBXFileReference; lastKnownFileType = sourcecode.c.objc; path = main.m; sourceTree = "<group>"; };
		F5C5155B1D7C11BC00BD50FE /* AppDelegate.h */ = {isa = PBXFileReference; lastKnownFileType = sourcecode.c.h; path = AppDelegate.h; sourceTree = "<group>"; };
		F5C5155C1D7C11BC00BD50FE /* AppDelegate.m */ = {isa = PBXFileReference; lastKnownFileType = sourcecode.c.objc; path = AppDelegate.m; sourceTree = "<group>"; };
		F5C5155E1D7C11BC00BD50FE /* ViewController.h */ = {isa = PBXFileReference; lastKnownFileType = sourcecode.c.h; path = ViewController.h; sourceTree = "<group>"; };
		F5C5155F1D7C11BC00BD50FE /* ViewController.m */ = {isa = PBXFileReference; lastKnownFileType = sourcecode.c.objc; path = ViewController.m; sourceTree = "<group>"; };
		F5C515621D7C11BC00BD50FE /* Base */ = {isa = PBXFileReference; lastKnownFileType = file.storyboard; name = Base; path = Base.lproj/Main.storyboard; sourceTree = "<group>"; };
		F5C515641D7C11BC00BD50FE /* Assets.xcassets */ = {isa = PBXFileReference; lastKnownFileType = folder.assetcatalog; path = Assets.xcassets; sourceTree = "<group>"; };
		F5C515671D7C11BC00BD50FE /* Base */ = {isa = PBXFileReference; lastKnownFileType = file.storyboard; name = Base; path = Base.lproj/LaunchScreen.storyboard; sourceTree = "<group>"; };
		F5C515691D7C11BC00BD50FE /* Info.plist */ = {isa = PBXFileReference; lastKnownFileType = text.plist.xml; path = Info.plist; sourceTree = "<group>"; };
		F5C5156E1D7C11BC00BD50FE /* TescoNetworkLibraryTests.xctest */ = {isa = PBXFileReference; explicitFileType = wrapper.cfbundle; includeInIndex = 0; path = TescoNetworkLibraryTests.xctest; sourceTree = BUILT_PRODUCTS_DIR; };
		F5C515721D7C11BC00BD50FE /* TescoNetworkLibraryTests.m */ = {isa = PBXFileReference; lastKnownFileType = sourcecode.c.objc; path = TescoNetworkLibraryTests.m; sourceTree = "<group>"; };
		F5C515741D7C11BC00BD50FE /* Info.plist */ = {isa = PBXFileReference; lastKnownFileType = text.plist.xml; path = Info.plist; sourceTree = "<group>"; };
		F5C515791D7C11BC00BD50FE /* TescoNetworkLibraryUITests.xctest */ = {isa = PBXFileReference; explicitFileType = wrapper.cfbundle; includeInIndex = 0; path = TescoNetworkLibraryUITests.xctest; sourceTree = BUILT_PRODUCTS_DIR; };
		F5C5157D1D7C11BC00BD50FE /* TescoNetworkLibraryUITests.m */ = {isa = PBXFileReference; lastKnownFileType = sourcecode.c.objc; path = TescoNetworkLibraryUITests.m; sourceTree = "<group>"; };
		F5C5157F1D7C11BC00BD50FE /* Info.plist */ = {isa = PBXFileReference; lastKnownFileType = text.plist.xml; path = Info.plist; sourceTree = "<group>"; };
		F5C515961D7C50DF00BD50FE /* TescoNetworkConfiguration.h */ = {isa = PBXFileReference; fileEncoding = 4; lastKnownFileType = sourcecode.c.h; name = TescoNetworkConfiguration.h; path = TescoNetworkLib/TescoNetworkConfiguration.h; sourceTree = SOURCE_ROOT; };
		F5C515971D7C50DF00BD50FE /* TescoNetworkConfiguration.m */ = {isa = PBXFileReference; fileEncoding = 4; lastKnownFileType = sourcecode.c.objc; name = TescoNetworkConfiguration.m; path = TescoNetworkLib/TescoNetworkConfiguration.m; sourceTree = SOURCE_ROOT; };
		F5C515981D7C50DF00BD50FE /* TescoNetworkManager.h */ = {isa = PBXFileReference; fileEncoding = 4; lastKnownFileType = sourcecode.c.h; name = TescoNetworkManager.h; path = TescoNetworkLib/TescoNetworkManager.h; sourceTree = SOURCE_ROOT; };
		F5C515991D7C50DF00BD50FE /* TescoNetworkManager.m */ = {isa = PBXFileReference; fileEncoding = 4; lastKnownFileType = sourcecode.c.objc; name = TescoNetworkManager.m; path = TescoNetworkLib/TescoNetworkManager.m; sourceTree = SOURCE_ROOT; };
/* End PBXFileReference section */

/* Begin PBXFrameworksBuildPhase section */
		F5C515521D7C11BC00BD50FE /* Frameworks */ = {
			isa = PBXFrameworksBuildPhase;
			buildActionMask = 2147483647;
			files = (
				86D40B688158BB926336662F /* libPods-TescoNetworkLibrary.a in Frameworks */,
			);
			runOnlyForDeploymentPostprocessing = 0;
		};
		F5C5156B1D7C11BC00BD50FE /* Frameworks */ = {
			isa = PBXFrameworksBuildPhase;
			buildActionMask = 2147483647;
			files = (
				20179BCDD45FAD287101096B /* libPods-TescoNetworkLibraryTests.a in Frameworks */,
			);
			runOnlyForDeploymentPostprocessing = 0;
		};
		F5C515761D7C11BC00BD50FE /* Frameworks */ = {
			isa = PBXFrameworksBuildPhase;
			buildActionMask = 2147483647;
			files = (
				D4A3C5C75480CE098E2A9C80 /* libPods-TescoNetworkLibraryUITests.a in Frameworks */,
			);
			runOnlyForDeploymentPostprocessing = 0;
		};
/* End PBXFrameworksBuildPhase section */

/* Begin PBXGroup section */
		0DED4F5A196EDEB66544E1A7 /* Pods */ = {
			isa = PBXGroup;
			children = (
				71AF171BCEC7DA4972ECD56A /* Pods-TescoNetworkLibrary.debug.xcconfig */,
				AB24CBF86AB56B32A79968E2 /* Pods-TescoNetworkLibrary.release.xcconfig */,
				A8BC399476590D488FED0424 /* Pods-TescoNetworkLibraryTests.debug.xcconfig */,
				C080A4A6475B72F239EBBE13 /* Pods-TescoNetworkLibraryTests.release.xcconfig */,
				836E00A53FC36DC42EAE8F90 /* Pods-TescoNetworkLibraryUITests.debug.xcconfig */,
				9284121F1FB8CF3FB2E8045C /* Pods-TescoNetworkLibraryUITests.release.xcconfig */,
			);
			name = Pods;
			sourceTree = "<group>";
		};
		F5595180697588AB590D6BAC /* Frameworks */ = {
			isa = PBXGroup;
			children = (
				B23A50B1CB196A0E5983F92B /* libPods-TescoNetworkLibrary.a */,
				38471F1CBEAB4841BA866A39 /* libPods-TescoNetworkLibraryTests.a */,
				8720F778D78155B1373347E8 /* libPods-TescoNetworkLibraryUITests.a */,
			);
			name = Frameworks;
			sourceTree = "<group>";
		};
		F5C5154C1D7C11BC00BD50FE = {
			isa = PBXGroup;
			children = (
				F5C515571D7C11BC00BD50FE /* TescoNetworkLibrary */,
				F5C515711D7C11BC00BD50FE /* TescoNetworkLibraryTests */,
				F5C5157C1D7C11BC00BD50FE /* TescoNetworkLibraryUITests */,
				F5C515561D7C11BC00BD50FE /* Products */,
				0DED4F5A196EDEB66544E1A7 /* Pods */,
				F5595180697588AB590D6BAC /* Frameworks */,
			);
			sourceTree = "<group>";
		};
		F5C515561D7C11BC00BD50FE /* Products */ = {
			isa = PBXGroup;
			children = (
				F5C515551D7C11BC00BD50FE /* TescoNetworkLibrary.app */,
				F5C5156E1D7C11BC00BD50FE /* TescoNetworkLibraryTests.xctest */,
				F5C515791D7C11BC00BD50FE /* TescoNetworkLibraryUITests.xctest */,
			);
			name = Products;
			sourceTree = "<group>";
		};
		F5C515571D7C11BC00BD50FE /* TescoNetworkLibrary */ = {
			isa = PBXGroup;
			children = (
				F5C5158B1D7C1BB400BD50FE /* TescoNetworkLib */,
				F5C5155B1D7C11BC00BD50FE /* AppDelegate.h */,
				F5C5155C1D7C11BC00BD50FE /* AppDelegate.m */,
				F5C5155E1D7C11BC00BD50FE /* ViewController.h */,
				F5C5155F1D7C11BC00BD50FE /* ViewController.m */,
				F5C515611D7C11BC00BD50FE /* Main.storyboard */,
				F5C515641D7C11BC00BD50FE /* Assets.xcassets */,
				F5C515661D7C11BC00BD50FE /* LaunchScreen.storyboard */,
				F5C515691D7C11BC00BD50FE /* Info.plist */,
				F5C515581D7C11BC00BD50FE /* Supporting Files */,
			);
			path = TescoNetworkLibrary;
			sourceTree = "<group>";
		};
		F5C515581D7C11BC00BD50FE /* Supporting Files */ = {
			isa = PBXGroup;
			children = (
				F5C515591D7C11BC00BD50FE /* main.m */,
			);
			name = "Supporting Files";
			sourceTree = "<group>";
		};
		F5C515711D7C11BC00BD50FE /* TescoNetworkLibraryTests */ = {
			isa = PBXGroup;
			children = (
				F5C515721D7C11BC00BD50FE /* TescoNetworkLibraryTests.m */,
				F5C515741D7C11BC00BD50FE /* Info.plist */,
			);
			path = TescoNetworkLibraryTests;
			sourceTree = "<group>";
		};
		F5C5157C1D7C11BC00BD50FE /* TescoNetworkLibraryUITests */ = {
			isa = PBXGroup;
			children = (
				F5C5157D1D7C11BC00BD50FE /* TescoNetworkLibraryUITests.m */,
				F5C5157F1D7C11BC00BD50FE /* Info.plist */,
			);
			path = TescoNetworkLibraryUITests;
			sourceTree = "<group>";
		};
		F5C5158B1D7C1BB400BD50FE /* TescoNetworkLib */ = {
			isa = PBXGroup;
			children = (
				F5C515961D7C50DF00BD50FE /* TescoNetworkConfiguration.h */,
				F5C515971D7C50DF00BD50FE /* TescoNetworkConfiguration.m */,
				F5C515981D7C50DF00BD50FE /* TescoNetworkManager.h */,
				F5C515991D7C50DF00BD50FE /* TescoNetworkManager.m */,
			);
			name = TescoNetworkLib;
			sourceTree = "<group>";
		};
/* End PBXGroup section */

/* Begin PBXNativeTarget section */
		F5C515541D7C11BC00BD50FE /* TescoNetworkLibrary */ = {
			isa = PBXNativeTarget;
			buildConfigurationList = F5C515821D7C11BC00BD50FE /* Build configuration list for PBXNativeTarget "TescoNetworkLibrary" */;
			buildPhases = (
				4CCC7E9A7EFE3176CEDBA92D /* Check Pods Manifest.lock */,
				F5C515511D7C11BC00BD50FE /* Sources */,
				F5C515521D7C11BC00BD50FE /* Frameworks */,
				F5C515531D7C11BC00BD50FE /* Resources */,
				FF177E9788FAAE63EEC25287 /* Embed Pods Frameworks */,
				0FC4761185E78336765A56FC /* Copy Pods Resources */,
			);
			buildRules = (
			);
			dependencies = (
			);
			name = TescoNetworkLibrary;
			productName = TescoNetworkLibrary;
			productReference = F5C515551D7C11BC00BD50FE /* TescoNetworkLibrary.app */;
			productType = "com.apple.product-type.application";
		};
		F5C5156D1D7C11BC00BD50FE /* TescoNetworkLibraryTests */ = {
			isa = PBXNativeTarget;
			buildConfigurationList = F5C515851D7C11BC00BD50FE /* Build configuration list for PBXNativeTarget "TescoNetworkLibraryTests" */;
			buildPhases = (
				FC3C6C4EDFCF61A6B3BE5FBD /* Check Pods Manifest.lock */,
				F5C5156A1D7C11BC00BD50FE /* Sources */,
				F5C5156B1D7C11BC00BD50FE /* Frameworks */,
				F5C5156C1D7C11BC00BD50FE /* Resources */,
				958816FB58C0483F49023F91 /* Embed Pods Frameworks */,
				76B1398E213E0571709A36B6 /* Copy Pods Resources */,
			);
			buildRules = (
			);
			dependencies = (
				F5C515701D7C11BC00BD50FE /* PBXTargetDependency */,
			);
			name = TescoNetworkLibraryTests;
			productName = TescoNetworkLibraryTests;
			productReference = F5C5156E1D7C11BC00BD50FE /* TescoNetworkLibraryTests.xctest */;
			productType = "com.apple.product-type.bundle.unit-test";
		};
		F5C515781D7C11BC00BD50FE /* TescoNetworkLibraryUITests */ = {
			isa = PBXNativeTarget;
			buildConfigurationList = F5C515881D7C11BC00BD50FE /* Build configuration list for PBXNativeTarget "TescoNetworkLibraryUITests" */;
			buildPhases = (
				7A5FD597C0F5A18C113B7B37 /* Check Pods Manifest.lock */,
				F5C515751D7C11BC00BD50FE /* Sources */,
				F5C515761D7C11BC00BD50FE /* Frameworks */,
				F5C515771D7C11BC00BD50FE /* Resources */,
				532020C7D57FC2AB7031B643 /* Copy Pods Resources */,
			);
			buildRules = (
			);
			dependencies = (
				F5C5157B1D7C11BC00BD50FE /* PBXTargetDependency */,
			);
			name = TescoNetworkLibraryUITests;
			productName = TescoNetworkLibraryUITests;
			productReference = F5C515791D7C11BC00BD50FE /* TescoNetworkLibraryUITests.xctest */;
			productType = "com.apple.product-type.bundle.ui-testing";
		};
/* End PBXNativeTarget section */

/* Begin PBXProject section */
		F5C5154D1D7C11BC00BD50FE /* Project object */ = {
			isa = PBXProject;
			attributes = {
				LastUpgradeCheck = 0730;
				ORGANIZATIONNAME = Tesco;
				TargetAttributes = {
					F5C515541D7C11BC00BD50FE = {
						CreatedOnToolsVersion = 7.3.1;
					};
					F5C5156D1D7C11BC00BD50FE = {
						CreatedOnToolsVersion = 7.3.1;
						TestTargetID = F5C515541D7C11BC00BD50FE;
					};
					F5C515781D7C11BC00BD50FE = {
						CreatedOnToolsVersion = 7.3.1;
						TestTargetID = F5C515541D7C11BC00BD50FE;
					};
				};
			};
			buildConfigurationList = F5C515501D7C11BC00BD50FE /* Build configuration list for PBXProject "TescoNetworkLibrary" */;
			compatibilityVersion = "Xcode 3.2";
			developmentRegion = English;
			hasScannedForEncodings = 0;
			knownRegions = (
				en,
				Base,
			);
			mainGroup = F5C5154C1D7C11BC00BD50FE;
			productRefGroup = F5C515561D7C11BC00BD50FE /* Products */;
			projectDirPath = "";
			projectRoot = "";
			targets = (
				F5C515541D7C11BC00BD50FE /* TescoNetworkLibrary */,
				F5C5156D1D7C11BC00BD50FE /* TescoNetworkLibraryTests */,
				F5C515781D7C11BC00BD50FE /* TescoNetworkLibraryUITests */,
			);
		};
/* End PBXProject section */

/* Begin PBXResourcesBuildPhase section */
		F5C515531D7C11BC00BD50FE /* Resources */ = {
			isa = PBXResourcesBuildPhase;
			buildActionMask = 2147483647;
			files = (
				F5C515681D7C11BC00BD50FE /* LaunchScreen.storyboard in Resources */,
				F5C515651D7C11BC00BD50FE /* Assets.xcassets in Resources */,
				F5C515631D7C11BC00BD50FE /* Main.storyboard in Resources */,
			);
			runOnlyForDeploymentPostprocessing = 0;
		};
		F5C5156C1D7C11BC00BD50FE /* Resources */ = {
			isa = PBXResourcesBuildPhase;
			buildActionMask = 2147483647;
			files = (
			);
			runOnlyForDeploymentPostprocessing = 0;
		};
		F5C515771D7C11BC00BD50FE /* Resources */ = {
			isa = PBXResourcesBuildPhase;
			buildActionMask = 2147483647;
			files = (
			);
			runOnlyForDeploymentPostprocessing = 0;
		};
/* End PBXResourcesBuildPhase section */

/* Begin PBXShellScriptBuildPhase section */
		0FC4761185E78336765A56FC /* Copy Pods Resources */ = {
			isa = PBXShellScriptBuildPhase;
			buildActionMask = 2147483647;
			files = (
			);
			inputPaths = (
			);
			name = "Copy Pods Resources";
			outputPaths = (
			);
			runOnlyForDeploymentPostprocessing = 0;
			shellPath = /bin/sh;
			shellScript = "\"${SRCROOT}/Pods/Target Support Files/Pods-TescoNetworkLibrary/Pods-TescoNetworkLibrary-resources.sh\"\n";
			showEnvVarsInLog = 0;
		};
		4CCC7E9A7EFE3176CEDBA92D /* Check Pods Manifest.lock */ = {
			isa = PBXShellScriptBuildPhase;
			buildActionMask = 2147483647;
			files = (
			);
			inputPaths = (
			);
			name = "Check Pods Manifest.lock";
			outputPaths = (
			);
			runOnlyForDeploymentPostprocessing = 0;
			shellPath = /bin/sh;
			shellScript = "diff \"${PODS_ROOT}/../Podfile.lock\" \"${PODS_ROOT}/Manifest.lock\" > /dev/null\nif [[ $? != 0 ]] ; then\n    cat << EOM\nerror: The sandbox is not in sync with the Podfile.lock. Run 'pod install' or update your CocoaPods installation.\nEOM\n    exit 1\nfi\n";
			showEnvVarsInLog = 0;
		};
		532020C7D57FC2AB7031B643 /* Copy Pods Resources */ = {
			isa = PBXShellScriptBuildPhase;
			buildActionMask = 2147483647;
			files = (
			);
			inputPaths = (
			);
			name = "Copy Pods Resources";
			outputPaths = (
			);
			runOnlyForDeploymentPostprocessing = 0;
			shellPath = /bin/sh;
			shellScript = "\"${SRCROOT}/Pods/Target Support Files/Pods-TescoNetworkLibraryUITests/Pods-TescoNetworkLibraryUITests-resources.sh\"\n";
			showEnvVarsInLog = 0;
		};
		76B1398E213E0571709A36B6 /* Copy Pods Resources */ = {
			isa = PBXShellScriptBuildPhase;
			buildActionMask = 2147483647;
			files = (
			);
			inputPaths = (
			);
			name = "Copy Pods Resources";
			outputPaths = (
			);
			runOnlyForDeploymentPostprocessing = 0;
			shellPath = /bin/sh;
			shellScript = "\"${SRCROOT}/Pods/Target Support Files/Pods-TescoNetworkLibraryTests/Pods-TescoNetworkLibraryTests-resources.sh\"\n";
			showEnvVarsInLog = 0;
		};
		7A5FD597C0F5A18C113B7B37 /* Check Pods Manifest.lock */ = {
			isa = PBXShellScriptBuildPhase;
			buildActionMask = 2147483647;
			files = (
			);
			inputPaths = (
			);
			name = "Check Pods Manifest.lock";
			outputPaths = (
			);
			runOnlyForDeploymentPostprocessing = 0;
			shellPath = /bin/sh;
			shellScript = "diff \"${PODS_ROOT}/../Podfile.lock\" \"${PODS_ROOT}/Manifest.lock\" > /dev/null\nif [[ $? != 0 ]] ; then\n    cat << EOM\nerror: The sandbox is not in sync with the Podfile.lock. Run 'pod install' or update your CocoaPods installation.\nEOM\n    exit 1\nfi\n";
			showEnvVarsInLog = 0;
		};
		958816FB58C0483F49023F91 /* Embed Pods Frameworks */ = {
			isa = PBXShellScriptBuildPhase;
			buildActionMask = 2147483647;
			files = (
			);
			inputPaths = (
			);
			name = "Embed Pods Frameworks";
			outputPaths = (
			);
			runOnlyForDeploymentPostprocessing = 0;
			shellPath = /bin/sh;
			shellScript = "\"${SRCROOT}/Pods/Target Support Files/Pods-TescoNetworkLibraryTests/Pods-TescoNetworkLibraryTests-frameworks.sh\"\n";
			showEnvVarsInLog = 0;
		};
		FC3C6C4EDFCF61A6B3BE5FBD /* Check Pods Manifest.lock */ = {
			isa = PBXShellScriptBuildPhase;
			buildActionMask = 2147483647;
			files = (
			);
			inputPaths = (
			);
			name = "Check Pods Manifest.lock";
			outputPaths = (
			);
			runOnlyForDeploymentPostprocessing = 0;
			shellPath = /bin/sh;
			shellScript = "diff \"${PODS_ROOT}/../Podfile.lock\" \"${PODS_ROOT}/Manifest.lock\" > /dev/null\nif [[ $? != 0 ]] ; then\n    cat << EOM\nerror: The sandbox is not in sync with the Podfile.lock. Run 'pod install' or update your CocoaPods installation.\nEOM\n    exit 1\nfi\n";
			showEnvVarsInLog = 0;
		};
		FF177E9788FAAE63EEC25287 /* Embed Pods Frameworks */ = {
			isa = PBXShellScriptBuildPhase;
			buildActionMask = 2147483647;
			files = (
			);
			inputPaths = (
			);
			name = "Embed Pods Frameworks";
			outputPaths = (
			);
			runOnlyForDeploymentPostprocessing = 0;
			shellPath = /bin/sh;
			shellScript = "\"${SRCROOT}/Pods/Target Support Files/Pods-TescoNetworkLibrary/Pods-TescoNetworkLibrary-frameworks.sh\"\n";
			showEnvVarsInLog = 0;
		};
/* End PBXShellScriptBuildPhase section */

/* Begin PBXSourcesBuildPhase section */
		F5C515511D7C11BC00BD50FE /* Sources */ = {
			isa = PBXSourcesBuildPhase;
			buildActionMask = 2147483647;
			files = (
				F5C5159B1D7C50DF00BD50FE /* TescoNetworkManager.m in Sources */,
				F5C515601D7C11BC00BD50FE /* ViewController.m in Sources */,
				F5C5155D1D7C11BC00BD50FE /* AppDelegate.m in Sources */,
				F5C5159A1D7C50DF00BD50FE /* TescoNetworkConfiguration.m in Sources */,
				F5C5155A1D7C11BC00BD50FE /* main.m in Sources */,
			);
			runOnlyForDeploymentPostprocessing = 0;
		};
		F5C5156A1D7C11BC00BD50FE /* Sources */ = {
			isa = PBXSourcesBuildPhase;
			buildActionMask = 2147483647;
			files = (
				F5C5159E1D7C510E00BD50FE /* TescoNetworkManager.m in Sources */,
				F5C5159C1D7C510B00BD50FE /* TescoNetworkConfiguration.m in Sources */,
				F5C515731D7C11BC00BD50FE /* TescoNetworkLibraryTests.m in Sources */,
			);
			runOnlyForDeploymentPostprocessing = 0;
		};
		F5C515751D7C11BC00BD50FE /* Sources */ = {
			isa = PBXSourcesBuildPhase;
			buildActionMask = 2147483647;
			files = (
				F5C5159F1D7C510F00BD50FE /* TescoNetworkManager.m in Sources */,
				F5C5159D1D7C510C00BD50FE /* TescoNetworkConfiguration.m in Sources */,
				F5C5157E1D7C11BC00BD50FE /* TescoNetworkLibraryUITests.m in Sources */,
			);
			runOnlyForDeploymentPostprocessing = 0;
		};
/* End PBXSourcesBuildPhase section */

/* Begin PBXTargetDependency section */
		F5C515701D7C11BC00BD50FE /* PBXTargetDependency */ = {
			isa = PBXTargetDependency;
			target = F5C515541D7C11BC00BD50FE /* TescoNetworkLibrary */;
			targetProxy = F5C5156F1D7C11BC00BD50FE /* PBXContainerItemProxy */;
		};
		F5C5157B1D7C11BC00BD50FE /* PBXTargetDependency */ = {
			isa = PBXTargetDependency;
			target = F5C515541D7C11BC00BD50FE /* TescoNetworkLibrary */;
			targetProxy = F5C5157A1D7C11BC00BD50FE /* PBXContainerItemProxy */;
		};
/* End PBXTargetDependency section */

/* Begin PBXVariantGroup section */
		F5C515611D7C11BC00BD50FE /* Main.storyboard */ = {
			isa = PBXVariantGroup;
			children = (
				F5C515621D7C11BC00BD50FE /* Base */,
			);
			name = Main.storyboard;
			sourceTree = "<group>";
		};
		F5C515661D7C11BC00BD50FE /* LaunchScreen.storyboard */ = {
			isa = PBXVariantGroup;
			children = (
				F5C515671D7C11BC00BD50FE /* Base */,
			);
			name = LaunchScreen.storyboard;
			sourceTree = "<group>";
		};
/* End PBXVariantGroup section */

/* Begin XCBuildConfiguration section */
		F5C515801D7C11BC00BD50FE /* Debug */ = {
			isa = XCBuildConfiguration;
			buildSettings = {
				ALWAYS_SEARCH_USER_PATHS = NO;
				CLANG_ANALYZER_NONNULL = YES;
				CLANG_CXX_LANGUAGE_STANDARD = "gnu++0x";
				CLANG_CXX_LIBRARY = "libc++";
				CLANG_ENABLE_MODULES = YES;
				CLANG_ENABLE_OBJC_ARC = YES;
				CLANG_WARN_BOOL_CONVERSION = YES;
				CLANG_WARN_CONSTANT_CONVERSION = YES;
				CLANG_WARN_DIRECT_OBJC_ISA_USAGE = YES_ERROR;
				CLANG_WARN_EMPTY_BODY = YES;
				CLANG_WARN_ENUM_CONVERSION = YES;
				CLANG_WARN_INT_CONVERSION = YES;
				CLANG_WARN_OBJC_ROOT_CLASS = YES_ERROR;
				CLANG_WARN_UNREACHABLE_CODE = YES;
				CLANG_WARN__DUPLICATE_METHOD_MATCH = YES;
				"CODE_SIGN_IDENTITY[sdk=iphoneos*]" = "iPhone Developer";
				COPY_PHASE_STRIP = NO;
				DEBUG_INFORMATION_FORMAT = dwarf;
				ENABLE_STRICT_OBJC_MSGSEND = YES;
				ENABLE_TESTABILITY = YES;
				GCC_C_LANGUAGE_STANDARD = gnu99;
				GCC_DYNAMIC_NO_PIC = NO;
				GCC_NO_COMMON_BLOCKS = YES;
				GCC_OPTIMIZATION_LEVEL = 0;
				GCC_PREPROCESSOR_DEFINITIONS = (
					"DEBUG=1",
					"$(inherited)",
				);
				GCC_WARN_64_TO_32_BIT_CONVERSION = YES;
				GCC_WARN_ABOUT_RETURN_TYPE = YES_ERROR;
				GCC_WARN_UNDECLARED_SELECTOR = YES;
				GCC_WARN_UNINITIALIZED_AUTOS = YES_AGGRESSIVE;
				GCC_WARN_UNUSED_FUNCTION = YES;
				GCC_WARN_UNUSED_VARIABLE = YES;
				IPHONEOS_DEPLOYMENT_TARGET = 9.3;
				MTL_ENABLE_DEBUG_INFO = YES;
				ONLY_ACTIVE_ARCH = YES;
				SDKROOT = iphoneos;
			};
			name = Debug;
		};
		F5C515811D7C11BC00BD50FE /* Release */ = {
			isa = XCBuildConfiguration;
			buildSettings = {
				ALWAYS_SEARCH_USER_PATHS = NO;
				CLANG_ANALYZER_NONNULL = YES;
				CLANG_CXX_LANGUAGE_STANDARD = "gnu++0x";
				CLANG_CXX_LIBRARY = "libc++";
				CLANG_ENABLE_MODULES = YES;
				CLANG_ENABLE_OBJC_ARC = YES;
				CLANG_WARN_BOOL_CONVERSION = YES;
				CLANG_WARN_CONSTANT_CONVERSION = YES;
				CLANG_WARN_DIRECT_OBJC_ISA_USAGE = YES_ERROR;
				CLANG_WARN_EMPTY_BODY = YES;
				CLANG_WARN_ENUM_CONVERSION = YES;
				CLANG_WARN_INT_CONVERSION = YES;
				CLANG_WARN_OBJC_ROOT_CLASS = YES_ERROR;
				CLANG_WARN_UNREACHABLE_CODE = YES;
				CLANG_WARN__DUPLICATE_METHOD_MATCH = YES;
				"CODE_SIGN_IDENTITY[sdk=iphoneos*]" = "iPhone Developer";
				COPY_PHASE_STRIP = NO;
				DEBUG_INFORMATION_FORMAT = "dwarf-with-dsym";
				ENABLE_NS_ASSERTIONS = NO;
				ENABLE_STRICT_OBJC_MSGSEND = YES;
				GCC_C_LANGUAGE_STANDARD = gnu99;
				GCC_NO_COMMON_BLOCKS = YES;
				GCC_WARN_64_TO_32_BIT_CONVERSION = YES;
				GCC_WARN_ABOUT_RETURN_TYPE = YES_ERROR;
				GCC_WARN_UNDECLARED_SELECTOR = YES;
				GCC_WARN_UNINITIALIZED_AUTOS = YES_AGGRESSIVE;
				GCC_WARN_UNUSED_FUNCTION = YES;
				GCC_WARN_UNUSED_VARIABLE = YES;
				IPHONEOS_DEPLOYMENT_TARGET = 9.3;
				MTL_ENABLE_DEBUG_INFO = NO;
				SDKROOT = iphoneos;
				VALIDATE_PRODUCT = YES;
			};
			name = Release;
		};
		F5C515831D7C11BC00BD50FE /* Debug */ = {
			isa = XCBuildConfiguration;
			baseConfigurationReference = 71AF171BCEC7DA4972ECD56A /* Pods-TescoNetworkLibrary.debug.xcconfig */;
			buildSettings = {
				ASSETCATALOG_COMPILER_APPICON_NAME = AppIcon;
				INFOPLIST_FILE = TescoNetworkLibrary/Info.plist;
				LD_RUNPATH_SEARCH_PATHS = "$(inherited) @executable_path/Frameworks";
				PRODUCT_BUNDLE_IDENTIFIER = com.nalin.testco.TescoNetworkLibrary;
				PRODUCT_NAME = "$(TARGET_NAME)";
			};
			name = Debug;
		};
		F5C515841D7C11BC00BD50FE /* Release */ = {
			isa = XCBuildConfiguration;
			baseConfigurationReference = AB24CBF86AB56B32A79968E2 /* Pods-TescoNetworkLibrary.release.xcconfig */;
			buildSettings = {
				ASSETCATALOG_COMPILER_APPICON_NAME = AppIcon;
				INFOPLIST_FILE = TescoNetworkLibrary/Info.plist;
				LD_RUNPATH_SEARCH_PATHS = "$(inherited) @executable_path/Frameworks";
				PRODUCT_BUNDLE_IDENTIFIER = com.nalin.testco.TescoNetworkLibrary;
				PRODUCT_NAME = "$(TARGET_NAME)";
			};
			name = Release;
		};
		F5C515861D7C11BC00BD50FE /* Debug */ = {
			isa = XCBuildConfiguration;
			baseConfigurationReference = A8BC399476590D488FED0424 /* Pods-TescoNetworkLibraryTests.debug.xcconfig */;
			buildSettings = {
				BUNDLE_LOADER = "$(TEST_HOST)";
				INFOPLIST_FILE = TescoNetworkLibraryTests/Info.plist;
				LD_RUNPATH_SEARCH_PATHS = "$(inherited) @executable_path/Frameworks @loader_path/Frameworks";
				PRODUCT_BUNDLE_IDENTIFIER = com.nalin.testco.TescoNetworkLibraryTests;
				PRODUCT_NAME = "$(TARGET_NAME)";
				TEST_HOST = "$(BUILT_PRODUCTS_DIR)/TescoNetworkLibrary.app/TescoNetworkLibrary";
			};
			name = Debug;
		};
		F5C515871D7C11BC00BD50FE /* Release */ = {
			isa = XCBuildConfiguration;
			baseConfigurationReference = C080A4A6475B72F239EBBE13 /* Pods-TescoNetworkLibraryTests.release.xcconfig */;
			buildSettings = {
				BUNDLE_LOADER = "$(TEST_HOST)";
				INFOPLIST_FILE = TescoNetworkLibraryTests/Info.plist;
				LD_RUNPATH_SEARCH_PATHS = "$(inherited) @executable_path/Frameworks @loader_path/Frameworks";
				PRODUCT_BUNDLE_IDENTIFIER = com.nalin.testco.TescoNetworkLibraryTests;
				PRODUCT_NAME = "$(TARGET_NAME)";
				TEST_HOST = "$(BUILT_PRODUCTS_DIR)/TescoNetworkLibrary.app/TescoNetworkLibrary";
			};
			name = Release;
		};
		F5C515891D7C11BC00BD50FE /* Debug */ = {
			isa = XCBuildConfiguration;
			baseConfigurationReference = 836E00A53FC36DC42EAE8F90 /* Pods-TescoNetworkLibraryUITests.debug.xcconfig */;
			buildSettings = {
				INFOPLIST_FILE = TescoNetworkLibraryUITests/Info.plist;
				LD_RUNPATH_SEARCH_PATHS = "$(inherited) @executable_path/Frameworks @loader_path/Frameworks";
				PRODUCT_BUNDLE_IDENTIFIER = com.nalin.testco.TescoNetworkLibraryUITests;
				PRODUCT_NAME = "$(TARGET_NAME)";
				TEST_TARGET_NAME = TescoNetworkLibrary;
			};
			name = Debug;
		};
		F5C5158A1D7C11BC00BD50FE /* Release */ = {
			isa = XCBuildConfiguration;
			baseConfigurationReference = 9284121F1FB8CF3FB2E8045C /* Pods-TescoNetworkLibraryUITests.release.xcconfig */;
			buildSettings = {
				INFOPLIST_FILE = TescoNetworkLibraryUITests/Info.plist;
				LD_RUNPATH_SEARCH_PATHS = "$(inherited) @executable_path/Frameworks @loader_path/Frameworks";
				PRODUCT_BUNDLE_IDENTIFIER = com.nalin.testco.TescoNetworkLibraryUITests;
				PRODUCT_NAME = "$(TARGET_NAME)";
				TEST_TARGET_NAME = TescoNetworkLibrary;
			};
			name = Release;
		};
/* End XCBuildConfiguration section */

/* Begin XCConfigurationList section */
		F5C515501D7C11BC00BD50FE /* Build configuration list for PBXProject "TescoNetworkLibrary" */ = {
			isa = XCConfigurationList;
			buildConfigurations = (
				F5C515801D7C11BC00BD50FE /* Debug */,
				F5C515811D7C11BC00BD50FE /* Release */,
			);
			defaultConfigurationIsVisible = 0;
			defaultConfigurationName = Release;
		};
		F5C515821D7C11BC00BD50FE /* Build configuration list for PBXNativeTarget "TescoNetworkLibrary" */ = {
			isa = XCConfigurationList;
			buildConfigurations = (
				F5C515831D7C11BC00BD50FE /* Debug */,
				F5C515841D7C11BC00BD50FE /* Release */,
			);
			defaultConfigurationIsVisible = 0;
			defaultConfigurationName = Release;
		};
		F5C515851D7C11BC00BD50FE /* Build configuration list for PBXNativeTarget "TescoNetworkLibraryTests" */ = {
			isa = XCConfigurationList;
			buildConfigurations = (
				F5C515861D7C11BC00BD50FE /* Debug */,
				F5C515871D7C11BC00BD50FE /* Release */,
			);
			defaultConfigurationIsVisible = 0;
			defaultConfigurationName = Release;
		};
		F5C515881D7C11BC00BD50FE /* Build configuration list for PBXNativeTarget "TescoNetworkLibraryUITests" */ = {
			isa = XCConfigurationList;
			buildConfigurations = (
				F5C515891D7C11BC00BD50FE /* Debug */,
				F5C5158A1D7C11BC00BD50FE /* Release */,
			);
			defaultConfigurationIsVisible = 0;
			defaultConfigurationName = Release;
		};
/* End XCConfigurationList section */
	};
	rootObject = F5C5154D1D7C11BC00BD50FE /* Project object */;
}
